// !$*UTF8*$!
{
	archiveVersion = 1;
	classes = {
	};
	objectVersion = 50;
	objects = {

/* Begin PBXBuildFile section */
		773A02EA23B12A520014B059 /* FlickrClient.swift in Sources */ = {isa = PBXBuildFile; fileRef = 773A02E923B12A520014B059 /* FlickrClient.swift */; };
		773A02ED23B12D0D0014B059 /* APIResponse.swift in Sources */ = {isa = PBXBuildFile; fileRef = 773A02EC23B12D0D0014B059 /* APIResponse.swift */; };
		773A02EF23B139060014B059 /* FlickrPhotos.swift in Sources */ = {isa = PBXBuildFile; fileRef = 773A02EE23B139060014B059 /* FlickrPhotos.swift */; };
		773A02F123B139160014B059 /* FlickrPhoto.swift in Sources */ = {isa = PBXBuildFile; fileRef = 773A02F023B139160014B059 /* FlickrPhoto.swift */; };
		773A02F323B14B020014B059 /* API.swift in Sources */ = {isa = PBXBuildFile; fileRef = 773A02F223B14B020014B059 /* API.swift */; };
		773A02F823B175800014B059 /* PhotoView+Extension.swift in Sources */ = {isa = PBXBuildFile; fileRef = 773A02F723B175800014B059 /* PhotoView+Extension.swift */; };
		778F35BE23A19BC500419DBB /* AppDelegate.swift in Sources */ = {isa = PBXBuildFile; fileRef = 778F35BD23A19BC500419DBB /* AppDelegate.swift */; };
		778F35C223A19BC500419DBB /* PinViewController.swift in Sources */ = {isa = PBXBuildFile; fileRef = 778F35C123A19BC500419DBB /* PinViewController.swift */; };
		778F35C523A19BC500419DBB /* Main.storyboard in Resources */ = {isa = PBXBuildFile; fileRef = 778F35C323A19BC500419DBB /* Main.storyboard */; };
		778F35CA23A19BC600419DBB /* Assets.xcassets in Resources */ = {isa = PBXBuildFile; fileRef = 778F35C923A19BC600419DBB /* Assets.xcassets */; };
		778F35CD23A19BC600419DBB /* LaunchScreen.storyboard in Resources */ = {isa = PBXBuildFile; fileRef = 778F35CB23A19BC600419DBB /* LaunchScreen.storyboard */; };
		778F35D723A1B62A00419DBB /* DataController.swift in Sources */ = {isa = PBXBuildFile; fileRef = 778F35D623A1B62A00419DBB /* DataController.swift */; };
		778F35DB23A1BD8500419DBB /* Tourist.xcdatamodeld in Sources */ = {isa = PBXBuildFile; fileRef = 778F35D923A1BD8500419DBB /* Tourist.xcdatamodeld */; };
		778F35DE23A1ED7C00419DBB /* Pin+Extensions.swift in Sources */ = {isa = PBXBuildFile; fileRef = 778F35DD23A1ED7C00419DBB /* Pin+Extensions.swift */; };
		77FA7D1223A591E1007EF2DA /* PhotoViewController.swift in Sources */ = {isa = PBXBuildFile; fileRef = 77FA7D1123A591E1007EF2DA /* PhotoViewController.swift */; };
		77FA7D1423A59702007EF2DA /* PhotoCell.swift in Sources */ = {isa = PBXBuildFile; fileRef = 77FA7D1323A59702007EF2DA /* PhotoCell.swift */; };
/* End PBXBuildFile section */

/* Begin PBXFileReference section */
		773A02E923B12A520014B059 /* FlickrClient.swift */ = {isa = PBXFileReference; lastKnownFileType = sourcecode.swift; path = FlickrClient.swift; sourceTree = "<group>"; };
		773A02EC23B12D0D0014B059 /* APIResponse.swift */ = {isa = PBXFileReference; lastKnownFileType = sourcecode.swift; path = APIResponse.swift; sourceTree = "<group>"; };
		773A02EE23B139060014B059 /* FlickrPhotos.swift */ = {isa = PBXFileReference; lastKnownFileType = sourcecode.swift; path = FlickrPhotos.swift; sourceTree = "<group>"; };
		773A02F023B139160014B059 /* FlickrPhoto.swift */ = {isa = PBXFileReference; lastKnownFileType = sourcecode.swift; path = FlickrPhoto.swift; sourceTree = "<group>"; };
		773A02F223B14B020014B059 /* API.swift */ = {isa = PBXFileReference; lastKnownFileType = sourcecode.swift; path = API.swift; sourceTree = "<group>"; };
		773A02F723B175800014B059 /* PhotoView+Extension.swift */ = {isa = PBXFileReference; lastKnownFileType = sourcecode.swift; path = "PhotoView+Extension.swift"; sourceTree = "<group>"; };
		778F35BA23A19BC500419DBB /* Tourist.app */ = {isa = PBXFileReference; explicitFileType = wrapper.application; includeInIndex = 0; path = Tourist.app; sourceTree = BUILT_PRODUCTS_DIR; };
		778F35BD23A19BC500419DBB /* AppDelegate.swift */ = {isa = PBXFileReference; lastKnownFileType = sourcecode.swift; path = AppDelegate.swift; sourceTree = "<group>"; };
		778F35C123A19BC500419DBB /* PinViewController.swift */ = {isa = PBXFileReference; lastKnownFileType = sourcecode.swift; path = PinViewController.swift; sourceTree = "<group>"; };
		778F35C423A19BC500419DBB /* Base */ = {isa = PBXFileReference; lastKnownFileType = file.storyboard; name = Base; path = Base.lproj/Main.storyboard; sourceTree = "<group>"; };
		778F35C923A19BC600419DBB /* Assets.xcassets */ = {isa = PBXFileReference; lastKnownFileType = folder.assetcatalog; path = Assets.xcassets; sourceTree = "<group>"; };
		778F35CC23A19BC600419DBB /* Base */ = {isa = PBXFileReference; lastKnownFileType = file.storyboard; name = Base; path = Base.lproj/LaunchScreen.storyboard; sourceTree = "<group>"; };
		778F35CE23A19BC600419DBB /* Info.plist */ = {isa = PBXFileReference; lastKnownFileType = text.plist.xml; path = Info.plist; sourceTree = "<group>"; };
		778F35D623A1B62A00419DBB /* DataController.swift */ = {isa = PBXFileReference; lastKnownFileType = sourcecode.swift; path = DataController.swift; sourceTree = "<group>"; };
		778F35DA23A1BD8500419DBB /* Tourist.xcdatamodel */ = {isa = PBXFileReference; lastKnownFileType = wrapper.xcdatamodel; path = Tourist.xcdatamodel; sourceTree = "<group>"; };
		778F35DD23A1ED7C00419DBB /* Pin+Extensions.swift */ = {isa = PBXFileReference; lastKnownFileType = sourcecode.swift; path = "Pin+Extensions.swift"; sourceTree = "<group>"; };
		77FA7D1123A591E1007EF2DA /* PhotoViewController.swift */ = {isa = PBXFileReference; lastKnownFileType = sourcecode.swift; path = PhotoViewController.swift; sourceTree = "<group>"; };
		77FA7D1323A59702007EF2DA /* PhotoCell.swift */ = {isa = PBXFileReference; lastKnownFileType = sourcecode.swift; path = PhotoCell.swift; sourceTree = "<group>"; };
/* End PBXFileReference section */

/* Begin PBXFrameworksBuildPhase section */
		778F35B723A19BC500419DBB /* Frameworks */ = {
			isa = PBXFrameworksBuildPhase;
			buildActionMask = 2147483647;
			files = (
			);
			runOnlyForDeploymentPostprocessing = 0;
		};
/* End PBXFrameworksBuildPhase section */

/* Begin PBXGroup section */
		773A02EB23B12C9F0014B059 /* API */ = {
			isa = PBXGroup;
			children = (
				773A02E923B12A520014B059 /* FlickrClient.swift */,
				773A02F223B14B020014B059 /* API.swift */,
				773A02EC23B12D0D0014B059 /* APIResponse.swift */,
				773A02EE23B139060014B059 /* FlickrPhotos.swift */,
				773A02F023B139160014B059 /* FlickrPhoto.swift */,
			);
			path = API;
			sourceTree = "<group>";
		};
		773A02F423B1744F0014B059 /* Controllers */ = {
			isa = PBXGroup;
			children = (
				778F35C123A19BC500419DBB /* PinViewController.swift */,
				77FA7D1123A591E1007EF2DA /* PhotoViewController.swift */,
				773A02F723B175800014B059 /* PhotoView+Extension.swift */,
			);
			path = Controllers;
			sourceTree = "<group>";
		};
		773A02F623B175170014B059 /* View */ = {
			isa = PBXGroup;
			children = (
				77FA7D1323A59702007EF2DA /* PhotoCell.swift */,
				778F35C323A19BC500419DBB /* Main.storyboard */,
				778F35CB23A19BC600419DBB /* LaunchScreen.storyboard */,
			);
			path = View;
			sourceTree = "<group>";
		};
		778F35B123A19BC500419DBB = {
			isa = PBXGroup;
			children = (
				778F35BC23A19BC500419DBB /* Tourist */,
				778F35BB23A19BC500419DBB /* Products */,
			);
			sourceTree = "<group>";
		};
		778F35BB23A19BC500419DBB /* Products */ = {
			isa = PBXGroup;
			children = (
				778F35BA23A19BC500419DBB /* Tourist.app */,
			);
			name = Products;
			sourceTree = "<group>";
		};
		778F35BC23A19BC500419DBB /* Tourist */ = {
			isa = PBXGroup;
			children = (
				778F35BD23A19BC500419DBB /* AppDelegate.swift */,
				773A02EB23B12C9F0014B059 /* API */,
				778F35D823A1BD5500419DBB /* Model */,
				773A02F623B175170014B059 /* View */,
				773A02F423B1744F0014B059 /* Controllers */,
				778F35C923A19BC600419DBB /* Assets.xcassets */,
				778F35CE23A19BC600419DBB /* Info.plist */,
			);
			path = Tourist;
			sourceTree = "<group>";
		};
		778F35D823A1BD5500419DBB /* Model */ = {
			isa = PBXGroup;
			children = (
				778F35D623A1B62A00419DBB /* DataController.swift */,
				778F35D923A1BD8500419DBB /* Tourist.xcdatamodeld */,
				778F35DD23A1ED7C00419DBB /* Pin+Extensions.swift */,
			);
			path = Model;
			sourceTree = "<group>";
		};
/* End PBXGroup section */

/* Begin PBXNativeTarget section */
		778F35B923A19BC500419DBB /* Tourist */ = {
			isa = PBXNativeTarget;
			buildConfigurationList = 778F35D123A19BC600419DBB /* Build configuration list for PBXNativeTarget "Tourist" */;
			buildPhases = (
				778F35B623A19BC500419DBB /* Sources */,
				778F35B723A19BC500419DBB /* Frameworks */,
				778F35B823A19BC500419DBB /* Resources */,
			);
			buildRules = (
			);
			dependencies = (
			);
			name = Tourist;
			productName = Tourist;
			productReference = 778F35BA23A19BC500419DBB /* Tourist.app */;
			productType = "com.apple.product-type.application";
		};
/* End PBXNativeTarget section */

/* Begin PBXProject section */
		778F35B223A19BC500419DBB /* Project object */ = {
			isa = PBXProject;
			attributes = {
				LastSwiftUpdateCheck = 1120;
				LastUpgradeCheck = 1120;
				ORGANIZATIONNAME = "William Lewis";
				TargetAttributes = {
					778F35B923A19BC500419DBB = {
						CreatedOnToolsVersion = 11.2.1;
					};
				};
			};
			buildConfigurationList = 778F35B523A19BC500419DBB /* Build configuration list for PBXProject "Tourist" */;
			compatibilityVersion = "Xcode 9.3";
			developmentRegion = en;
			hasScannedForEncodings = 0;
			knownRegions = (
				en,
				Base,
			);
			mainGroup = 778F35B123A19BC500419DBB;
			productRefGroup = 778F35BB23A19BC500419DBB /* Products */;
			projectDirPath = "";
			projectRoot = "";
			targets = (
				778F35B923A19BC500419DBB /* Tourist */,
			);
		};
/* End PBXProject section */

/* Begin PBXResourcesBuildPhase section */
		778F35B823A19BC500419DBB /* Resources */ = {
			isa = PBXResourcesBuildPhase;
			buildActionMask = 2147483647;
			files = (
				778F35CD23A19BC600419DBB /* LaunchScreen.storyboard in Resources */,
				778F35CA23A19BC600419DBB /* Assets.xcassets in Resources */,
				778F35C523A19BC500419DBB /* Main.storyboard in Resources */,
			);
			runOnlyForDeploymentPostprocessing = 0;
		};
/* End PBXResourcesBuildPhase section */

/* Begin PBXSourcesBuildPhase section */
		778F35B623A19BC500419DBB /* Sources */ = {
			isa = PBXSourcesBuildPhase;
			buildActionMask = 2147483647;
			files = (
				77FA7D1423A59702007EF2DA /* PhotoCell.swift in Sources */,
				773A02F823B175800014B059 /* PhotoView+Extension.swift in Sources */,
				778F35D723A1B62A00419DBB /* DataController.swift in Sources */,
				778F35C223A19BC500419DBB /* PinViewController.swift in Sources */,
				778F35DE23A1ED7C00419DBB /* Pin+Extensions.swift in Sources */,
				773A02F123B139160014B059 /* FlickrPhoto.swift in Sources */,
				778F35BE23A19BC500419DBB /* AppDelegate.swift in Sources */,
				778F35DB23A1BD8500419DBB /* Tourist.xcdatamodeld in Sources */,
				77FA7D1223A591E1007EF2DA /* PhotoViewController.swift in Sources */,
				773A02EF23B139060014B059 /* FlickrPhotos.swift in Sources */,
				773A02EA23B12A520014B059 /* FlickrClient.swift in Sources */,
				773A02F323B14B020014B059 /* API.swift in Sources */,
				773A02ED23B12D0D0014B059 /* APIResponse.swift in Sources */,
			);
			runOnlyForDeploymentPostprocessing = 0;
		};
/* End PBXSourcesBuildPhase section */

/* Begin PBXVariantGroup section */
		778F35C323A19BC500419DBB /* Main.storyboard */ = {
			isa = PBXVariantGroup;
			children = (
				778F35C423A19BC500419DBB /* Base */,
			);
			name = Main.storyboard;
			sourceTree = "<group>";
		};
		778F35CB23A19BC600419DBB /* LaunchScreen.storyboard */ = {
			isa = PBXVariantGroup;
			children = (
				778F35CC23A19BC600419DBB /* Base */,
			);
			name = LaunchScreen.storyboard;
			sourceTree = "<group>";
		};
/* End PBXVariantGroup section */

/* Begin XCBuildConfiguration section */
		778F35CF23A19BC600419DBB /* Debug */ = {
			isa = XCBuildConfiguration;
			buildSettings = {
				ALWAYS_SEARCH_USER_PATHS = NO;
				CLANG_ANALYZER_NONNULL = YES;
				CLANG_ANALYZER_NUMBER_OBJECT_CONVERSION = YES_AGGRESSIVE;
				CLANG_CXX_LANGUAGE_STANDARD = "gnu++14";
				CLANG_CXX_LIBRARY = "libc++";
				CLANG_ENABLE_MODULES = YES;
				CLANG_ENABLE_OBJC_ARC = YES;
				CLANG_ENABLE_OBJC_WEAK = YES;
				CLANG_WARN_BLOCK_CAPTURE_AUTORELEASING = YES;
				CLANG_WARN_BOOL_CONVERSION = YES;
				CLANG_WARN_COMMA = YES;
				CLANG_WARN_CONSTANT_CONVERSION = YES;
				CLANG_WARN_DEPRECATED_OBJC_IMPLEMENTATIONS = YES;
				CLANG_WARN_DIRECT_OBJC_ISA_USAGE = YES_ERROR;
				CLANG_WARN_DOCUMENTATION_COMMENTS = YES;
				CLANG_WARN_EMPTY_BODY = YES;
				CLANG_WARN_ENUM_CONVERSION = YES;
				CLANG_WARN_INFINITE_RECURSION = YES;
				CLANG_WARN_INT_CONVERSION = YES;
				CLANG_WARN_NON_LITERAL_NULL_CONVERSION = YES;
				CLANG_WARN_OBJC_IMPLICIT_RETAIN_SELF = YES;
				CLANG_WARN_OBJC_LITERAL_CONVERSION = YES;
				CLANG_WARN_OBJC_ROOT_CLASS = YES_ERROR;
				CLANG_WARN_RANGE_LOOP_ANALYSIS = YES;
				CLANG_WARN_STRICT_PROTOTYPES = YES;
				CLANG_WARN_SUSPICIOUS_MOVE = YES;
				CLANG_WARN_UNGUARDED_AVAILABILITY = YES_AGGRESSIVE;
				CLANG_WARN_UNREACHABLE_CODE = YES;
				CLANG_WARN__DUPLICATE_METHOD_MATCH = YES;
				COPY_PHASE_STRIP = NO;
				DEBUG_INFORMATION_FORMAT = dwarf;
				ENABLE_STRICT_OBJC_MSGSEND = YES;
				ENABLE_TESTABILITY = YES;
				GCC_C_LANGUAGE_STANDARD = gnu11;
				GCC_DYNAMIC_NO_PIC = NO;
				GCC_NO_COMMON_BLOCKS = YES;
				GCC_OPTIMIZATION_LEVEL = 0;
				GCC_PREPROCESSOR_DEFINITIONS = (
					"DEBUG=1",
					"$(inherited)",
				);
				GCC_WARN_64_TO_32_BIT_CONVERSION = YES;
				GCC_WARN_ABOUT_RETURN_TYPE = YES_ERROR;
				GCC_WARN_UNDECLARED_SELECTOR = YES;
				GCC_WARN_UNINITIALIZED_AUTOS = YES_AGGRESSIVE;
				GCC_WARN_UNUSED_FUNCTION = YES;
				GCC_WARN_UNUSED_VARIABLE = YES;
				IPHONEOS_DEPLOYMENT_TARGET = 13.2;
				MTL_ENABLE_DEBUG_INFO = INCLUDE_SOURCE;
				MTL_FAST_MATH = YES;
				ONLY_ACTIVE_ARCH = YES;
				SDKROOT = iphoneos;
				SWIFT_ACTIVE_COMPILATION_CONDITIONS = DEBUG;
				SWIFT_OPTIMIZATION_LEVEL = "-Onone";
			};
			name = Debug;
		};
		778F35D023A19BC600419DBB /* Release */ = {
			isa = XCBuildConfiguration;
			buildSettings = {
				ALWAYS_SEARCH_USER_PATHS = NO;
				CLANG_ANALYZER_NONNULL = YES;
				CLANG_ANALYZER_NUMBER_OBJECT_CONVERSION = YES_AGGRESSIVE;
				CLANG_CXX_LANGUAGE_STANDARD = "gnu++14";
				CLANG_CXX_LIBRARY = "libc++";
				CLANG_ENABLE_MODULES = YES;
				CLANG_ENABLE_OBJC_ARC = YES;
				CLANG_ENABLE_OBJC_WEAK = YES;
				CLANG_WARN_BLOCK_CAPTURE_AUTORELEASING = YES;
				CLANG_WARN_BOOL_CONVERSION = YES;
				CLANG_WARN_COMMA = YES;
				CLANG_WARN_CONSTANT_CONVERSION = YES;
				CLANG_WARN_DEPRECATED_OBJC_IMPLEMENTATIONS = YES;
				CLANG_WARN_DIRECT_OBJC_ISA_USAGE = YES_ERROR;
				CLANG_WARN_DOCUMENTATION_COMMENTS = YES;
				CLANG_WARN_EMPTY_BODY = YES;
				CLANG_WARN_ENUM_CONVERSION = YES;
				CLANG_WARN_INFINITE_RECURSION = YES;
				CLANG_WARN_INT_CONVERSION = YES;
				CLANG_WARN_NON_LITERAL_NULL_CONVERSION = YES;
				CLANG_WARN_OBJC_IMPLICIT_RETAIN_SELF = YES;
				CLANG_WARN_OBJC_LITERAL_CONVERSION = YES;
				CLANG_WARN_OBJC_ROOT_CLASS = YES_ERROR;
				CLANG_WARN_RANGE_LOOP_ANALYSIS = YES;
				CLANG_WARN_STRICT_PROTOTYPES = YES;
				CLANG_WARN_SUSPICIOUS_MOVE = YES;
				CLANG_WARN_UNGUARDED_AVAILABILITY = YES_AGGRESSIVE;
				CLANG_WARN_UNREACHABLE_CODE = YES;
				CLANG_WARN__DUPLICATE_METHOD_MATCH = YES;
				COPY_PHASE_STRIP = NO;
				DEBUG_INFORMATION_FORMAT = "dwarf-with-dsym";
				ENABLE_NS_ASSERTIONS = NO;
				ENABLE_STRICT_OBJC_MSGSEND = YES;
				GCC_C_LANGUAGE_STANDARD = gnu11;
				GCC_NO_COMMON_BLOCKS = YES;
				GCC_WARN_64_TO_32_BIT_CONVERSION = YES;
				GCC_WARN_ABOUT_RETURN_TYPE = YES_ERROR;
				GCC_WARN_UNDECLARED_SELECTOR = YES;
				GCC_WARN_UNINITIALIZED_AUTOS = YES_AGGRESSIVE;
				GCC_WARN_UNUSED_FUNCTION = YES;
				GCC_WARN_UNUSED_VARIABLE = YES;
				IPHONEOS_DEPLOYMENT_TARGET = 13.2;
				MTL_ENABLE_DEBUG_INFO = NO;
				MTL_FAST_MATH = YES;
				SDKROOT = iphoneos;
				SWIFT_COMPILATION_MODE = wholemodule;
				SWIFT_OPTIMIZATION_LEVEL = "-O";
				VALIDATE_PRODUCT = YES;
			};
			name = Release;
		};
		778F35D223A19BC600419DBB /* Debug */ = {
			isa = XCBuildConfiguration;
			buildSettings = {
				ASSETCATALOG_COMPILER_APPICON_NAME = AppIcon;
				CODE_SIGN_STYLE = Automatic;
				DEVELOPMENT_TEAM = MDM9YLDF92;
				INFOPLIST_FILE = Tourist/Info.plist;
				LD_RUNPATH_SEARCH_PATHS = (
					"$(inherited)",
					"@executable_path/Frameworks",
				);
				PRODUCT_BUNDLE_IDENTIFIER = io.williamlewis.Tourist;
				PRODUCT_NAME = "$(TARGET_NAME)";
				SWIFT_VERSION = 5.0;
				TARGETED_DEVICE_FAMILY = "1,2";
			};
			name = Debug;
		};
		778F35D323A19BC600419DBB /* Release */ = {
			isa = XCBuildConfiguration;
			buildSettings = {
				ASSETCATALOG_COMPILER_APPICON_NAME = AppIcon;
				CODE_SIGN_STYLE = Automatic;
				DEVELOPMENT_TEAM = MDM9YLDF92;
				INFOPLIST_FILE = Tourist/Info.plist;
				LD_RUNPATH_SEARCH_PATHS = (
					"$(inherited)",
					"@executable_path/Frameworks",
				);
				PRODUCT_BUNDLE_IDENTIFIER = io.williamlewis.Tourist;
				PRODUCT_NAME = "$(TARGET_NAME)";
				SWIFT_VERSION = 5.0;
				TARGETED_DEVICE_FAMILY = "1,2";
			};
			name = Release;
		};
/* End XCBuildConfiguration section */

/* Begin XCConfigurationList section */
		778F35B523A19BC500419DBB /* Build configuration list for PBXProject "Tourist" */ = {
			isa = XCConfigurationList;
			buildConfigurations = (
				778F35CF23A19BC600419DBB /* Debug */,
				778F35D023A19BC600419DBB /* Release */,
			);
			defaultConfigurationIsVisible = 0;
			defaultConfigurationName = Release;
		};
		778F35D123A19BC600419DBB /* Build configuration list for PBXNativeTarget "Tourist" */ = {
			isa = XCConfigurationList;
			buildConfigurations = (
				778F35D223A19BC600419DBB /* Debug */,
				778F35D323A19BC600419DBB /* Release */,
			);
			defaultConfigurationIsVisible = 0;
			defaultConfigurationName = Release;
		};
/* End XCConfigurationList section */

/* Begin XCVersionGroup section */
		778F35D923A1BD8500419DBB /* Tourist.xcdatamodeld */ = {
			isa = XCVersionGroup;
			children = (
				778F35DA23A1BD8500419DBB /* Tourist.xcdatamodel */,
			);
			currentVersion = 778F35DA23A1BD8500419DBB /* Tourist.xcdatamodel */;
			path = Tourist.xcdatamodeld;
			sourceTree = "<group>";
			versionGroupType = wrapper.xcdatamodel;
		};
/* End XCVersionGroup section */
	};
	rootObject = 778F35B223A19BC500419DBB /* Project object */;
}
